// !$*UTF8*$!
{
	archiveVersion = 1;
	classes = {
	};
	objectVersion = 77;
	objects = {

/* Begin PBXBuildFile section */
		0DC5823DA1ED75FFC97F70C9 /* GPXParser.swift in Sources */ = {isa = PBXBuildFile; fileRef = C882D60B7AFB65C234BF78DA /* GPXParser.swift */; };
		192B6624C7507F4C617F152A /* RouteMapView.swift in Sources */ = {isa = PBXBuildFile; fileRef = AD91F220D3B4F339AE942B60 /* RouteMapView.swift */; };
		3EBE1CA89FB12D620485D122 /* GPXExporter.swift in Sources */ = {isa = PBXBuildFile; fileRef = B01C13D534EF7031EED6EEFA /* GPXExporter.swift */; };
		51E5CBA0F02403CEFA187C12 /* AppViewModel.swift in Sources */ = {isa = PBXBuildFile; fileRef = 400FBD975384E34CBEB82F36 /* AppViewModel.swift */; };
		56DDB28FBF4C011AD846BE3E /* Secrets.swift.template in Resources */ = {isa = PBXBuildFile; fileRef = 49F83B1DB0FD49BA10E66187 /* Secrets.swift.template */; };
		6883CE55E485B15B34C17724 /* RecordingSummarySheet.swift in Sources */ = {isa = PBXBuildFile; fileRef = E0DC2972FE58176C305FAC8C /* RecordingSummarySheet.swift */; };
		6EADD4B52AB200FB9E8B647E /* Route.swift in Sources */ = {isa = PBXBuildFile; fileRef = 9550269AFB754487D68641EF /* Route.swift */; };
		94C8DE69B45281FC22772561 /* RecordingManager.swift in Sources */ = {isa = PBXBuildFile; fileRef = DFA477FEBDCA792E3D3BA6E4 /* RecordingManager.swift */; };
		B05A6CF88A5D73D96FFD101D /* ContentView.swift in Sources */ = {isa = PBXBuildFile; fileRef = 9FD312CC7212262509340580 /* ContentView.swift */; };
		BA9E330022F2F566A86E5E8E /* RouteListView.swift in Sources */ = {isa = PBXBuildFile; fileRef = 5448F324E08FE95F1E3DD9EF /* RouteListView.swift */; };
		BB42C21D3A4EB1F5071E9C49 /* Waypoint.swift in Sources */ = {isa = PBXBuildFile; fileRef = EC2AA8AC134E48D2E35FF9B3 /* Waypoint.swift */; };
		C4C78A63BD5D7450F3B0BFF2 /* LocationManager.swift in Sources */ = {isa = PBXBuildFile; fileRef = C10F53E32B3AE25FF9E0AD65 /* LocationManager.swift */; };
		CC4B1BEE3D0C319600958970 /* Assets.xcassets in Resources */ = {isa = PBXBuildFile; fileRef = 31325EC862CD868839E74EC3 /* Assets.xcassets */; };
		E2A6B8DBC2B3E0AC9F5DFBD1 /* tsShnavigatorApp.swift in Sources */ = {isa = PBXBuildFile; fileRef = 0582BF788813CB84F6690D7B /* tsShnavigatorApp.swift */; };
		E9550A67390701C6043B24D4 /* Secrets.swift in Sources */ = {isa = PBXBuildFile; fileRef = 16D1D508EB21E9CD857B142C /* Secrets.swift */; };
		EF38AF4CCD18F8F760F6DD79 /* MapKitView.swift in Sources */ = {isa = PBXBuildFile; fileRef = 49828F6D3FE5051991C56B5E /* MapKitView.swift */; };
		F74196C0EE35B3609DBFE3FE /* MapTileStyle.swift in Sources */ = {isa = PBXBuildFile; fileRef = 2DE802C4CD70C55DD196882B /* MapTileStyle.swift */; };
/* End PBXBuildFile section */

/* Begin PBXFileReference section */
		0582BF788813CB84F6690D7B /* tsShnavigatorApp.swift */ = {isa = PBXFileReference; lastKnownFileType = sourcecode.swift; path = tsShnavigatorApp.swift; sourceTree = "<group>"; };
		16D1D508EB21E9CD857B142C /* Secrets.swift */ = {isa = PBXFileReference; lastKnownFileType = sourcecode.swift; path = Secrets.swift; sourceTree = "<group>"; };
		218C1683635078AA85A0801D /* Info.plist */ = {isa = PBXFileReference; lastKnownFileType = text.plist; path = Info.plist; sourceTree = "<group>"; };
		2DE802C4CD70C55DD196882B /* MapTileStyle.swift */ = {isa = PBXFileReference; lastKnownFileType = sourcecode.swift; path = MapTileStyle.swift; sourceTree = "<group>"; };
		31325EC862CD868839E74EC3 /* Assets.xcassets */ = {isa = PBXFileReference; lastKnownFileType = folder.assetcatalog; path = Assets.xcassets; sourceTree = "<group>"; };
		400FBD975384E34CBEB82F36 /* AppViewModel.swift */ = {isa = PBXFileReference; lastKnownFileType = sourcecode.swift; path = AppViewModel.swift; sourceTree = "<group>"; };
		49828F6D3FE5051991C56B5E /* MapKitView.swift */ = {isa = PBXFileReference; lastKnownFileType = sourcecode.swift; path = MapKitView.swift; sourceTree = "<group>"; };
		49F83B1DB0FD49BA10E66187 /* Secrets.swift.template */ = {isa = PBXFileReference; path = Secrets.swift.template; sourceTree = "<group>"; };
		5448F324E08FE95F1E3DD9EF /* RouteListView.swift */ = {isa = PBXFileReference; lastKnownFileType = sourcecode.swift; path = RouteListView.swift; sourceTree = "<group>"; };
		54A623E3052E0BFA0970476C /* tsShnavigator.app */ = {isa = PBXFileReference; includeInIndex = 0; lastKnownFileType = wrapper.application; path = tsShnavigator.app; sourceTree = BUILT_PRODUCTS_DIR; };
		9550269AFB754487D68641EF /* Route.swift */ = {isa = PBXFileReference; lastKnownFileType = sourcecode.swift; path = Route.swift; sourceTree = "<group>"; };
		9FD312CC7212262509340580 /* ContentView.swift */ = {isa = PBXFileReference; lastKnownFileType = sourcecode.swift; path = ContentView.swift; sourceTree = "<group>"; };
		AD91F220D3B4F339AE942B60 /* RouteMapView.swift */ = {isa = PBXFileReference; lastKnownFileType = sourcecode.swift; path = RouteMapView.swift; sourceTree = "<group>"; };
		B01C13D534EF7031EED6EEFA /* GPXExporter.swift */ = {isa = PBXFileReference; lastKnownFileType = sourcecode.swift; path = GPXExporter.swift; sourceTree = "<group>"; };
		C10F53E32B3AE25FF9E0AD65 /* LocationManager.swift */ = {isa = PBXFileReference; lastKnownFileType = sourcecode.swift; path = LocationManager.swift; sourceTree = "<group>"; };
		C882D60B7AFB65C234BF78DA /* GPXParser.swift */ = {isa = PBXFileReference; lastKnownFileType = sourcecode.swift; path = GPXParser.swift; sourceTree = "<group>"; };
		DFA477FEBDCA792E3D3BA6E4 /* RecordingManager.swift */ = {isa = PBXFileReference; lastKnownFileType = sourcecode.swift; path = RecordingManager.swift; sourceTree = "<group>"; };
		E0DC2972FE58176C305FAC8C /* RecordingSummarySheet.swift */ = {isa = PBXFileReference; lastKnownFileType = sourcecode.swift; path = RecordingSummarySheet.swift; sourceTree = "<group>"; };
		EC2AA8AC134E48D2E35FF9B3 /* Waypoint.swift */ = {isa = PBXFileReference; lastKnownFileType = sourcecode.swift; path = Waypoint.swift; sourceTree = "<group>"; };
/* End PBXFileReference section */

/* Begin PBXGroup section */
		43861752F9EE17B70097B3B3 = {
			isa = PBXGroup;
			children = (
				FC6A849B0D4A86CC9F885A66 /* tsShnavigator */,
				55C55D8D1276AA9B114615CC /* Products */,
			);
			sourceTree = "<group>";
		};
		55C55D8D1276AA9B114615CC /* Products */ = {
			isa = PBXGroup;
			children = (
				54A623E3052E0BFA0970476C /* tsShnavigator.app */,
			);
			name = Products;
			sourceTree = "<group>";
		};
		74E5369E499BE3A0098AD506 /* ViewModels */ = {
			isa = PBXGroup;
			children = (
				400FBD975384E34CBEB82F36 /* AppViewModel.swift */,
			);
			path = ViewModels;
			sourceTree = "<group>";
		};
		77D66713EECAE676DA9A4E46 /* Models */ = {
			isa = PBXGroup;
			children = (
				2DE802C4CD70C55DD196882B /* MapTileStyle.swift */,
				9550269AFB754487D68641EF /* Route.swift */,
				EC2AA8AC134E48D2E35FF9B3 /* Waypoint.swift */,
			);
			path = Models;
			sourceTree = "<group>";
		};
		BCCCFB73F9EB718B9DDF1D8B /* Views */ = {
			isa = PBXGroup;
			children = (
				9FD312CC7212262509340580 /* ContentView.swift */,
				49828F6D3FE5051991C56B5E /* MapKitView.swift */,
				E0DC2972FE58176C305FAC8C /* RecordingSummarySheet.swift */,
				5448F324E08FE95F1E3DD9EF /* RouteListView.swift */,
				AD91F220D3B4F339AE942B60 /* RouteMapView.swift */,
			);
			path = Views;
			sourceTree = "<group>";
		};
		E72152E0EB8E182104399743 /* Services */ = {
			isa = PBXGroup;
			children = (
				B01C13D534EF7031EED6EEFA /* GPXExporter.swift */,
				C882D60B7AFB65C234BF78DA /* GPXParser.swift */,
				C10F53E32B3AE25FF9E0AD65 /* LocationManager.swift */,
				DFA477FEBDCA792E3D3BA6E4 /* RecordingManager.swift */,
			);
			path = Services;
			sourceTree = "<group>";
		};
		FC6A849B0D4A86CC9F885A66 /* tsShnavigator */ = {
			isa = PBXGroup;
			children = (
				31325EC862CD868839E74EC3 /* Assets.xcassets */,
				218C1683635078AA85A0801D /* Info.plist */,
				16D1D508EB21E9CD857B142C /* Secrets.swift */,
				49F83B1DB0FD49BA10E66187 /* Secrets.swift.template */,
				0582BF788813CB84F6690D7B /* tsShnavigatorApp.swift */,
				77D66713EECAE676DA9A4E46 /* Models */,
				E72152E0EB8E182104399743 /* Services */,
				74E5369E499BE3A0098AD506 /* ViewModels */,
				BCCCFB73F9EB718B9DDF1D8B /* Views */,
			);
			path = tsShnavigator;
			sourceTree = "<group>";
		};
/* End PBXGroup section */

/* Begin PBXNativeTarget section */
		C1B6119C4DB2E5E923704E02 /* tsShnavigator */ = {
			isa = PBXNativeTarget;
			buildConfigurationList = 075205898D5431EE91494495 /* Build configuration list for PBXNativeTarget "tsShnavigator" */;
			buildPhases = (
				80EDB146DABE77FE3FD6BE92 /* Sources */,
				F56F48FEA91D95B2728AD2B3 /* Resources */,
			);
			buildRules = (
			);
			dependencies = (
			);
			name = tsShnavigator;
			packageProductDependencies = (
			);
			productName = tsShnavigator;
			productReference = 54A623E3052E0BFA0970476C /* tsShnavigator.app */;
			productType = "com.apple.product-type.application";
		};
/* End PBXNativeTarget section */

/* Begin PBXProject section */
		116626AB1AF255996B0DCAB0 /* Project object */ = {
			isa = PBXProject;
			attributes = {
				BuildIndependentTargetsInParallel = YES;
				LastUpgradeCheck = 1620;
				TargetAttributes = {
					C1B6119C4DB2E5E923704E02 = {
						DevelopmentTeam = SNCCBFHL45;
						ProvisioningStyle = Automatic;
					};
				};
			};
			buildConfigurationList = 462E782C431CFA8643151425 /* Build configuration list for PBXProject "tsShnavigator" */;
			developmentRegion = en;
			hasScannedForEncodings = 0;
			knownRegions = (
				Base,
				en,
			);
			mainGroup = 43861752F9EE17B70097B3B3;
			minimizedProjectReferenceProxies = 1;
			preferredProjectObjectVersion = 77;
			productRefGroup = 55C55D8D1276AA9B114615CC /* Products */;
			projectDirPath = "";
			projectRoot = "";
			targets = (
				C1B6119C4DB2E5E923704E02 /* tsShnavigator */,
			);
		};
/* End PBXProject section */

/* Begin PBXResourcesBuildPhase section */
		F56F48FEA91D95B2728AD2B3 /* Resources */ = {
			isa = PBXResourcesBuildPhase;
			buildActionMask = 2147483647;
			files = (
				CC4B1BEE3D0C319600958970 /* Assets.xcassets in Resources */,
				56DDB28FBF4C011AD846BE3E /* Secrets.swift.template in Resources */,
			);
			runOnlyForDeploymentPostprocessing = 0;
		};
/* End PBXResourcesBuildPhase section */

/* Begin PBXSourcesBuildPhase section */
		80EDB146DABE77FE3FD6BE92 /* Sources */ = {
			isa = PBXSourcesBuildPhase;
			buildActionMask = 2147483647;
			files = (
				51E5CBA0F02403CEFA187C12 /* AppViewModel.swift in Sources */,
				B05A6CF88A5D73D96FFD101D /* ContentView.swift in Sources */,
				3EBE1CA89FB12D620485D122 /* GPXExporter.swift in Sources */,
				0DC5823DA1ED75FFC97F70C9 /* GPXParser.swift in Sources */,
				C4C78A63BD5D7450F3B0BFF2 /* LocationManager.swift in Sources */,
				EF38AF4CCD18F8F760F6DD79 /* MapKitView.swift in Sources */,
				F74196C0EE35B3609DBFE3FE /* MapTileStyle.swift in Sources */,
				94C8DE69B45281FC22772561 /* RecordingManager.swift in Sources */,
				6883CE55E485B15B34C17724 /* RecordingSummarySheet.swift in Sources */,
				6EADD4B52AB200FB9E8B647E /* Route.swift in Sources */,
				BA9E330022F2F566A86E5E8E /* RouteListView.swift in Sources */,
				192B6624C7507F4C617F152A /* RouteMapView.swift in Sources */,
				E9550A67390701C6043B24D4 /* Secrets.swift in Sources */,
				BB42C21D3A4EB1F5071E9C49 /* Waypoint.swift in Sources */,
				E2A6B8DBC2B3E0AC9F5DFBD1 /* tsShnavigatorApp.swift in Sources */,
			);
			runOnlyForDeploymentPostprocessing = 0;
		};
/* End PBXSourcesBuildPhase section */

/* Begin XCBuildConfiguration section */
		436B3B44DB55619D61534760 /* Debug */ = {
			isa = XCBuildConfiguration;
			buildSettings = {
				ASSETCATALOG_COMPILER_APPICON_NAME = AppIcon;
				CODE_SIGN_IDENTITY = "iPhone Developer";
				CODE_SIGN_STYLE = Automatic;
				DEVELOPMENT_TEAM = SNCCBFHL45;
				INFOPLIST_FILE = tsShnavigator/Info.plist;
				IPHONEOS_DEPLOYMENT_TARGET = 17.0;
				LD_RUNPATH_SEARCH_PATHS = (
					"$(inherited)",
					"@executable_path/Frameworks",
				);
				PRODUCT_BUNDLE_IDENTIFIER = com.tedshaffer.tsShnavigator;
				PRODUCT_NAME = tsShnavigator;
				SDKROOT = iphoneos;
				SWIFT_VERSION = 5.10;
				TARGETED_DEVICE_FAMILY = "1,2";
			};
			name = Debug;
		};
		615B7A363365CAFF51AEE0AE /* Debug */ = {
			isa = XCBuildConfiguration;
			buildSettings = {
				ALWAYS_SEARCH_USER_PATHS = NO;
				CLANG_ANALYZER_NONNULL = YES;
				CLANG_ANALYZER_NUMBER_OBJECT_CONVERSION = YES_AGGRESSIVE;
				CLANG_CXX_LANGUAGE_STANDARD = "gnu++14";
				CLANG_CXX_LIBRARY = "libc++";
				CLANG_ENABLE_MODULES = YES;
				CLANG_ENABLE_OBJC_ARC = YES;
				CLANG_ENABLE_OBJC_WEAK = YES;
				CLANG_WARN_BLOCK_CAPTURE_AUTORELEASING = YES;
				CLANG_WARN_BOOL_CONVERSION = YES;
				CLANG_WARN_COMMA = YES;
				CLANG_WARN_CONSTANT_CONVERSION = YES;
				CLANG_WARN_DEPRECATED_OBJC_IMPLEMENTATIONS = YES;
				CLANG_WARN_DIRECT_OBJC_ISA_USAGE = YES_ERROR;
				CLANG_WARN_DOCUMENTATION_COMMENTS = YES;
				CLANG_WARN_EMPTY_BODY = YES;
				CLANG_WARN_ENUM_CONVERSION = YES;
				CLANG_WARN_INFINITE_RECURSION = YES;
				CLANG_WARN_INT_CONVERSION = YES;
				CLANG_WARN_NON_LITERAL_NULL_CONVERSION = YES;
				CLANG_WARN_OBJC_IMPLICIT_RETAIN_SELF = YES;
				CLANG_WARN_OBJC_LITERAL_CONVERSION = YES;
				CLANG_WARN_OBJC_ROOT_CLASS = YES_ERROR;
				CLANG_WARN_QUOTED_INCLUDE_IN_FRAMEWORK_HEADER = YES;
				CLANG_WARN_RANGE_LOOP_ANALYSIS = YES;
				CLANG_WARN_STRICT_PROTOTYPES = YES;
				CLANG_WARN_SUSPICIOUS_MOVE = YES;
				CLANG_WARN_UNGUARDED_AVAILABILITY = YES_AGGRESSIVE;
				CLANG_WARN_UNREACHABLE_CODE = YES;
				CLANG_WARN__DUPLICATE_METHOD_MATCH = YES;
				COPY_PHASE_STRIP = NO;
				DEBUG_INFORMATION_FORMAT = dwarf;
				ENABLE_PREVIEWS = YES;
				ENABLE_STRICT_OBJC_MSGSEND = YES;
				ENABLE_TESTABILITY = YES;
				GCC_C_LANGUAGE_STANDARD = gnu11;
				GCC_DYNAMIC_NO_PIC = NO;
				GCC_NO_COMMON_BLOCKS = YES;
				GCC_OPTIMIZATION_LEVEL = 0;
				GCC_PREPROCESSOR_DEFINITIONS = (
					"$(inherited)",
					"DEBUG=1",
				);
				GCC_WARN_64_TO_32_BIT_CONVERSION = YES;
				GCC_WARN_ABOUT_RETURN_TYPE = YES_ERROR;
				GCC_WARN_UNDECLARED_SELECTOR = YES;
				GCC_WARN_UNINITIALIZED_AUTOS = YES_AGGRESSIVE;
				GCC_WARN_UNUSED_FUNCTION = YES;
				GCC_WARN_UNUSED_VARIABLE = YES;
				IPHONEOS_DEPLOYMENT_TARGET = 17.0;
				MTL_ENABLE_DEBUG_INFO = INCLUDE_SOURCE;
				MTL_FAST_MATH = YES;
				ONLY_ACTIVE_ARCH = YES;
				PRODUCT_NAME = "$(TARGET_NAME)";
				SDKROOT = iphoneos;
				SWIFT_ACTIVE_COMPILATION_CONDITIONS = DEBUG;
				SWIFT_OPTIMIZATION_LEVEL = "-Onone";
				SWIFT_VERSION = 5.10;
			};
			name = Debug;
		};
		BB6A63B806E1CF62757855E0 /* Release */ = {
			isa = XCBuildConfiguration;
			buildSettings = {
				ALWAYS_SEARCH_USER_PATHS = NO;
				CLANG_ANALYZER_NONNULL = YES;
				CLANG_ANALYZER_NUMBER_OBJECT_CONVERSION = YES_AGGRESSIVE;
				CLANG_CXX_LANGUAGE_STANDARD = "gnu++14";
				CLANG_CXX_LIBRARY = "libc++";
				CLANG_ENABLE_MODULES = YES;
				CLANG_ENABLE_OBJC_ARC = YES;
				CLANG_ENABLE_OBJC_WEAK = YES;
				CLANG_WARN_BLOCK_CAPTURE_AUTORELEASING = YES;
				CLANG_WARN_BOOL_CONVERSION = YES;
				CLANG_WARN_COMMA = YES;
				CLANG_WARN_CONSTANT_CONVERSION = YES;
				CLANG_WARN_DEPRECATED_OBJC_IMPLEMENTATIONS = YES;
				CLANG_WARN_DIRECT_OBJC_ISA_USAGE = YES_ERROR;
				CLANG_WARN_DOCUMENTATION_COMMENTS = YES;
				CLANG_WARN_EMPTY_BODY = YES;
				CLANG_WARN_ENUM_CONVERSION = YES;
				CLANG_WARN_INFINITE_RECURSION = YES;
				CLANG_WARN_INT_CONVERSION = YES;
				CLANG_WARN_NON_LITERAL_NULL_CONVERSION = YES;
				CLANG_WARN_OBJC_IMPLICIT_RETAIN_SELF = YES;
				CLANG_WARN_OBJC_LITERAL_CONVERSION = YES;
				CLANG_WARN_OBJC_ROOT_CLASS = YES_ERROR;
				CLANG_WARN_QUOTED_INCLUDE_IN_FRAMEWORK_HEADER = YES;
				CLANG_WARN_RANGE_LOOP_ANALYSIS = YES;
				CLANG_WARN_STRICT_PROTOTYPES = YES;
				CLANG_WARN_SUSPICIOUS_MOVE = YES;
				CLANG_WARN_UNGUARDED_AVAILABILITY = YES_AGGRESSIVE;
				CLANG_WARN_UNREACHABLE_CODE = YES;
				CLANG_WARN__DUPLICATE_METHOD_MATCH = YES;
				COPY_PHASE_STRIP = NO;
				DEBUG_INFORMATION_FORMAT = "dwarf-with-dsym";
				ENABLE_NS_ASSERTIONS = NO;
				ENABLE_PREVIEWS = YES;
				ENABLE_STRICT_OBJC_MSGSEND = YES;
				GCC_C_LANGUAGE_STANDARD = gnu11;
				GCC_NO_COMMON_BLOCKS = YES;
				GCC_WARN_64_TO_32_BIT_CONVERSION = YES;
				GCC_WARN_ABOUT_RETURN_TYPE = YES_ERROR;
				GCC_WARN_UNDECLARED_SELECTOR = YES;
				GCC_WARN_UNINITIALIZED_AUTOS = YES_AGGRESSIVE;
				GCC_WARN_UNUSED_FUNCTION = YES;
				GCC_WARN_UNUSED_VARIABLE = YES;
				IPHONEOS_DEPLOYMENT_TARGET = 17.0;
				MTL_ENABLE_DEBUG_INFO = NO;
				MTL_FAST_MATH = YES;
				PRODUCT_NAME = "$(TARGET_NAME)";
				SDKROOT = iphoneos;
				SWIFT_COMPILATION_MODE = wholemodule;
				SWIFT_OPTIMIZATION_LEVEL = "-O";
				SWIFT_VERSION = 5.10;
			};
			name = Release;
		};
		CCFFCD60FCFCDF64FDE61C62 /* Release */ = {
			isa = XCBuildConfiguration;
			buildSettings = {
				ASSETCATALOG_COMPILER_APPICON_NAME = AppIcon;
				CODE_SIGN_IDENTITY = "iPhone Developer";
				CODE_SIGN_STYLE = Automatic;
				DEVELOPMENT_TEAM = SNCCBFHL45;
				INFOPLIST_FILE = tsShnavigator/Info.plist;
				IPHONEOS_DEPLOYMENT_TARGET = 17.0;
				LD_RUNPATH_SEARCH_PATHS = (
					"$(inherited)",
					"@executable_path/Frameworks",
				);
				PRODUCT_BUNDLE_IDENTIFIER = com.tedshaffer.tsShnavigator;
				PRODUCT_NAME = tsShnavigator;
				SDKROOT = iphoneos;
				SWIFT_VERSION = 5.10;
				TARGETED_DEVICE_FAMILY = "1,2";
			};
			name = Release;
		};
/* End XCBuildConfiguration section */

/* Begin XCConfigurationList section */
		075205898D5431EE91494495 /* Build configuration list for PBXNativeTarget "tsShnavigator" */ = {
			isa = XCConfigurationList;
			buildConfigurations = (
				436B3B44DB55619D61534760 /* Debug */,
				CCFFCD60FCFCDF64FDE61C62 /* Release */,
			);
			defaultConfigurationIsVisible = 0;
			defaultConfigurationName = Debug;
		};
		462E782C431CFA8643151425 /* Build configuration list for PBXProject "tsShnavigator" */ = {
			isa = XCConfigurationList;
			buildConfigurations = (
				615B7A363365CAFF51AEE0AE /* Debug */,
				BB6A63B806E1CF62757855E0 /* Release */,
			);
			defaultConfigurationIsVisible = 0;
			defaultConfigurationName = Debug;
		};
/* End XCConfigurationList section */
	};
	rootObject = 116626AB1AF255996B0DCAB0 /* Project object */;
}
